
Microsoft Visual Studio Solution File, Format Version 12.00
# Visual Studio Version 16
VisualStudioVersion = 16.0.31624.102
MinimumVisualStudioVersion = 10.0.40219.1
Project("{FAE04EC0-301F-11D3-BF4B-00C04F79EFBC}") = "Calculator", "Calculator\Calculator.csproj", "{B232F56A-6268-4BCD-B2F7-AB18372FD966}"
EndProject
Global
	GlobalSection(SolutionConfigurationPlatforms) = preSolution
		Debug|Any CPU = Debug|Any CPU
		Release|Any CPU = Release|Any CPU
	EndGlobalSection
	GlobalSection(ProjectConfigurationPlatforms) = postSolution
		{B232F56A-6268-4BCD-B2F7-AB18372FD966}.Debug|Any CPU.ActiveCfg = Debug|Any CPU
		{B232F56A-6268-4BCD-B2F7-AB18372FD966}.Debug|Any CPU.Build.0 = Debug|Any CPU
		{B232F56A-6268-4BCD-B2F7-AB18372FD966}.Release|Any CPU.ActiveCfg = Release|Any CPU
		{B232F56A-6268-4BCD-B2F7-AB18372FD966}.Release|Any CPU.Build.0 = Release|Any CPU
	EndGlobalSection
	GlobalSection(SolutionProperties) = preSolution
		HideSolutionNode = FALSE
	EndGlobalSection
	GlobalSection(ExtensibilityGlobals) = postSolution
		SolutionGuid = {B425930F-E2C5-4D3C-AC8E-03B75580B53F}
	EndGlobalSection
EndGlobal
